
Microsoft Visual Studio Solution File, Format Version 12.00
# Visual Studio 15
VisualStudioVersion = 15.0.27703.2047
MinimumVisualStudioVersion = 10.0.40219.1
Project("{9A19103F-16F7-4668-BE54-9A1E7A4F7556}") = "Exus.AlphaVantage.Core", "Exus.AlphaVantage.Core\Exus.AlphaVantage.Core.csproj", "{B48A06E9-E292-4F0E-AE57-E4D002248975}"
EndProject
Global
	GlobalSection(SolutionConfigurationPlatforms) = preSolution
		Debug|Any CPU = Debug|Any CPU
		Release|Any CPU = Release|Any CPU
	EndGlobalSection
	GlobalSection(ProjectConfigurationPlatforms) = postSolution
		{B48A06E9-E292-4F0E-AE57-E4D002248975}.Debug|Any CPU.ActiveCfg = Debug|Any CPU
		{B48A06E9-E292-4F0E-AE57-E4D002248975}.Debug|Any CPU.Build.0 = Debug|Any CPU
		{B48A06E9-E292-4F0E-AE57-E4D002248975}.Release|Any CPU.ActiveCfg = Release|Any CPU
		{B48A06E9-E292-4F0E-AE57-E4D002248975}.Release|Any CPU.Build.0 = Release|Any CPU
	EndGlobalSection
	GlobalSection(SolutionProperties) = preSolution
		HideSolutionNode = FALSE
	EndGlobalSection
	GlobalSection(ExtensibilityGlobals) = postSolution
		SolutionGuid = {D073E307-AD5F-41C5-8D18-2414859BCEB0}
	EndGlobalSection
EndGlobal
