
Microsoft Visual Studio Solution File, Format Version 12.00
# Visual Studio 15
VisualStudioVersion = 15.0.27428.2015
MinimumVisualStudioVersion = 10.0.40219.1
Project("{FAE04EC0-301F-11D3-BF4B-00C04F79EFBC}") = "StockAnalyzer", "StockAnalyzer\StockAnalyzer.csproj", "{69B9FA4B-897B-4C0A-B11A-C8018420549B}"
EndProject
Project("{FAE04EC0-301F-11D3-BF4B-00C04F79EFBC}") = "Exus.AlphaVantage", "Exus.AlphaVantage\Exus.AlphaVantage.csproj", "{BF8C20A5-F843-4943-9D14-AF1C15690C9D}"
EndProject
Global
	GlobalSection(SolutionConfigurationPlatforms) = preSolution
		Debug|Any CPU = Debug|Any CPU
		Release|Any CPU = Release|Any CPU
	EndGlobalSection
	GlobalSection(ProjectConfigurationPlatforms) = postSolution
		{69B9FA4B-897B-4C0A-B11A-C8018420549B}.Debug|Any CPU.ActiveCfg = Debug|Any CPU
		{69B9FA4B-897B-4C0A-B11A-C8018420549B}.Debug|Any CPU.Build.0 = Debug|Any CPU
		{69B9FA4B-897B-4C0A-B11A-C8018420549B}.Release|Any CPU.ActiveCfg = Release|Any CPU
		{69B9FA4B-897B-4C0A-B11A-C8018420549B}.Release|Any CPU.Build.0 = Release|Any CPU
		{BF8C20A5-F843-4943-9D14-AF1C15690C9D}.Debug|Any CPU.ActiveCfg = Debug|Any CPU
		{BF8C20A5-F843-4943-9D14-AF1C15690C9D}.Debug|Any CPU.Build.0 = Debug|Any CPU
		{BF8C20A5-F843-4943-9D14-AF1C15690C9D}.Release|Any CPU.ActiveCfg = Release|Any CPU
		{BF8C20A5-F843-4943-9D14-AF1C15690C9D}.Release|Any CPU.Build.0 = Release|Any CPU
	EndGlobalSection
	GlobalSection(SolutionProperties) = preSolution
		HideSolutionNode = FALSE
	EndGlobalSection
	GlobalSection(ExtensibilityGlobals) = postSolution
		SolutionGuid = {381C540A-7BDF-4476-9332-3E42561D5580}
	EndGlobalSection
EndGlobal
