
Microsoft Visual Studio Solution File, Format Version 12.00
# Visual Studio 15
VisualStudioVersion = 15.0.27703.2047
MinimumVisualStudioVersion = 10.0.40219.1
Project("{FAE04EC0-301F-11D3-BF4B-00C04F79EFBC}") = "Exus.AlphaVantage.Tests", "Exus.AlphaVantage.Tests\Exus.AlphaVantage.Tests.csproj", "{FB446711-ED45-4F13-8747-8B445CC6762D}"
EndProject
Project("{9A19103F-16F7-4668-BE54-9A1E7A4F7556}") = "Exus.AlphaVantage", "..\..\Exus.AlphaVantage\Exus.AlphaVantage.csproj", "{D07C7C44-CF96-42AC-A118-394FCEF2C3EE}"
EndProject
Global
	GlobalSection(SolutionConfigurationPlatforms) = preSolution
		Debug|Any CPU = Debug|Any CPU
		Release|Any CPU = Release|Any CPU
	EndGlobalSection
	GlobalSection(ProjectConfigurationPlatforms) = postSolution
		{FB446711-ED45-4F13-8747-8B445CC6762D}.Debug|Any CPU.ActiveCfg = Debug|Any CPU
		{FB446711-ED45-4F13-8747-8B445CC6762D}.Debug|Any CPU.Build.0 = Debug|Any CPU
		{FB446711-ED45-4F13-8747-8B445CC6762D}.Release|Any CPU.ActiveCfg = Release|Any CPU
		{FB446711-ED45-4F13-8747-8B445CC6762D}.Release|Any CPU.Build.0 = Release|Any CPU
		{D07C7C44-CF96-42AC-A118-394FCEF2C3EE}.Debug|Any CPU.ActiveCfg = Debug|Any CPU
		{D07C7C44-CF96-42AC-A118-394FCEF2C3EE}.Debug|Any CPU.Build.0 = Debug|Any CPU
		{D07C7C44-CF96-42AC-A118-394FCEF2C3EE}.Release|Any CPU.ActiveCfg = Release|Any CPU
		{D07C7C44-CF96-42AC-A118-394FCEF2C3EE}.Release|Any CPU.Build.0 = Release|Any CPU
	EndGlobalSection
	GlobalSection(SolutionProperties) = preSolution
		HideSolutionNode = FALSE
	EndGlobalSection
	GlobalSection(ExtensibilityGlobals) = postSolution
		SolutionGuid = {1BFE0ACC-6C47-4AA6-9E27-9DDE369A1EC8}
	EndGlobalSection
EndGlobal
